
Microsoft Visual Studio Solution File, Format Version 12.00
# Visual Studio Version 17
VisualStudioVersion = 17.5.33502.453
MinimumVisualStudioVersion = 10.0.40219.1
Project("{2150E333-8FDC-42A3-9474-1A3956D46DE8}") = "src", "src", "{548859BB-D99E-4E44-B6A5-7097EC2AFC76}"
EndProject
Project("{2150E333-8FDC-42A3-9474-1A3956D46DE8}") = "test", "test", "{7216F209-3D00-454D-B276-C63FB8ED5A4C}"
EndProject
Project("{2150E333-8FDC-42A3-9474-1A3956D46DE8}") = "API", "API", "{A8F0DDF1-1804-41EE-AA3F-1866FBB15093}"
EndProject
Project("{2150E333-8FDC-42A3-9474-1A3956D46DE8}") = "Core", "Core", "{3C053FB3-7588-4156-88F8-876D447900E9}"
EndProject
Project("{2150E333-8FDC-42A3-9474-1A3956D46DE8}") = "Infrastructure", "Infrastructure", "{D5CB60EC-3643-4CBD-91FC-CB421ADD3C01}"
EndProject
Project("{2150E333-8FDC-42A3-9474-1A3956D46DE8}") = "UI", "UI", "{D1134D61-AA4C-45E6-AFA1-0C11518DEC2E}"
EndProject
Project("{9A19103F-16F7-4668-BE54-9A1E7A4F7556}") = "HRManageDomain", "HRManageDomain\HRManageDomain.csproj", "{B8080E4E-F3DD-4729-9EB6-7B6FB65D23DF}"
EndProject
Project("{9A19103F-16F7-4668-BE54-9A1E7A4F7556}") = "HRManageApplication", "HRManageApplication\HRManageApplication.csproj", "{1241F0BC-5709-4660-818E-C34FBB7FC51E}"
EndProject
Project("{9A19103F-16F7-4668-BE54-9A1E7A4F7556}") = "HRManagePersistence", "HRManagePersistence\HRManagePersistence.csproj", "{FD0614C9-DE72-470C-B92A-D8DF5A11F7C9}"
	ProjectSection(ProjectDependencies) = postProject
		{1241F0BC-5709-4660-818E-C34FBB7FC51E} = {1241F0BC-5709-4660-818E-C34FBB7FC51E}
	EndProjectSection
EndProject
Project("{9A19103F-16F7-4668-BE54-9A1E7A4F7556}") = "HRManageInfrastructure", "HRManageInfrastructure\HRManageInfrastructure.csproj", "{F9F14A9D-17DA-42DA-B60A-8F641C645154}"
EndProject
Project("{9A19103F-16F7-4668-BE54-9A1E7A4F7556}") = "HRManageApi", "HRManageApi\HRManageApi.csproj", "{6E9AE9B4-E9EB-4B0D-A310-E18B145C6BB9}"
EndProject
Project("{9A19103F-16F7-4668-BE54-9A1E7A4F7556}") = "HRManageUnitTests", "HRManageUnitTests\HRManageUnitTests.csproj", "{B6EA3549-F99E-4BAF-B00F-94C755A5C7A8}"
EndProject
Project("{9A19103F-16F7-4668-BE54-9A1E7A4F7556}") = "HRManagePersistenceIntegrationTests", "HRManagePersistenceIntegrationTests\HRManagePersistenceIntegrationTests.csproj", "{CFAF5A8B-152C-4EF0-A662-07980E867C47}"
EndProject
Project("{FAE04EC0-301F-11D3-BF4B-00C04F79EFBC}") = "HRManageIdentity", "HRIdentity\HRManageIdentity.csproj", "{89F0E43C-D6C1-43E7-A2C2-030D1A5556A4}"
EndProject
Global
	GlobalSection(SolutionConfigurationPlatforms) = preSolution
		Debug|Any CPU = Debug|Any CPU
		Release|Any CPU = Release|Any CPU
	EndGlobalSection
	GlobalSection(ProjectConfigurationPlatforms) = postSolution
		{B8080E4E-F3DD-4729-9EB6-7B6FB65D23DF}.Debug|Any CPU.ActiveCfg = Debug|Any CPU
		{B8080E4E-F3DD-4729-9EB6-7B6FB65D23DF}.Debug|Any CPU.Build.0 = Debug|Any CPU
		{B8080E4E-F3DD-4729-9EB6-7B6FB65D23DF}.Release|Any CPU.ActiveCfg = Release|Any CPU
		{B8080E4E-F3DD-4729-9EB6-7B6FB65D23DF}.Release|Any CPU.Build.0 = Release|Any CPU
		{1241F0BC-5709-4660-818E-C34FBB7FC51E}.Debug|Any CPU.ActiveCfg = Debug|Any CPU
		{1241F0BC-5709-4660-818E-C34FBB7FC51E}.Debug|Any CPU.Build.0 = Debug|Any CPU
		{1241F0BC-5709-4660-818E-C34FBB7FC51E}.Release|Any CPU.ActiveCfg = Release|Any CPU
		{1241F0BC-5709-4660-818E-C34FBB7FC51E}.Release|Any CPU.Build.0 = Release|Any CPU
		{FD0614C9-DE72-470C-B92A-D8DF5A11F7C9}.Debug|Any CPU.ActiveCfg = Debug|Any CPU
		{FD0614C9-DE72-470C-B92A-D8DF5A11F7C9}.Debug|Any CPU.Build.0 = Debug|Any CPU
		{FD0614C9-DE72-470C-B92A-D8DF5A11F7C9}.Release|Any CPU.ActiveCfg = Release|Any CPU
		{FD0614C9-DE72-470C-B92A-D8DF5A11F7C9}.Release|Any CPU.Build.0 = Release|Any CPU
		{F9F14A9D-17DA-42DA-B60A-8F641C645154}.Debug|Any CPU.ActiveCfg = Debug|Any CPU
		{F9F14A9D-17DA-42DA-B60A-8F641C645154}.Debug|Any CPU.Build.0 = Debug|Any CPU
		{F9F14A9D-17DA-42DA-B60A-8F641C645154}.Release|Any CPU.ActiveCfg = Release|Any CPU
		{F9F14A9D-17DA-42DA-B60A-8F641C645154}.Release|Any CPU.Build.0 = Release|Any CPU
		{6E9AE9B4-E9EB-4B0D-A310-E18B145C6BB9}.Debug|Any CPU.ActiveCfg = Debug|Any CPU
		{6E9AE9B4-E9EB-4B0D-A310-E18B145C6BB9}.Debug|Any CPU.Build.0 = Debug|Any CPU
		{6E9AE9B4-E9EB-4B0D-A310-E18B145C6BB9}.Release|Any CPU.ActiveCfg = Release|Any CPU
		{6E9AE9B4-E9EB-4B0D-A310-E18B145C6BB9}.Release|Any CPU.Build.0 = Release|Any CPU
		{B6EA3549-F99E-4BAF-B00F-94C755A5C7A8}.Debug|Any CPU.ActiveCfg = Debug|Any CPU
		{B6EA3549-F99E-4BAF-B00F-94C755A5C7A8}.Debug|Any CPU.Build.0 = Debug|Any CPU
		{B6EA3549-F99E-4BAF-B00F-94C755A5C7A8}.Release|Any CPU.ActiveCfg = Release|Any CPU
		{B6EA3549-F99E-4BAF-B00F-94C755A5C7A8}.Release|Any CPU.Build.0 = Release|Any CPU
		{CFAF5A8B-152C-4EF0-A662-07980E867C47}.Debug|Any CPU.ActiveCfg = Debug|Any CPU
		{CFAF5A8B-152C-4EF0-A662-07980E867C47}.Debug|Any CPU.Build.0 = Debug|Any CPU
		{CFAF5A8B-152C-4EF0-A662-07980E867C47}.Release|Any CPU.ActiveCfg = Release|Any CPU
		{CFAF5A8B-152C-4EF0-A662-07980E867C47}.Release|Any CPU.Build.0 = Release|Any CPU
		{89F0E43C-D6C1-43E7-A2C2-030D1A5556A4}.Debug|Any CPU.ActiveCfg = Debug|Any CPU
		{89F0E43C-D6C1-43E7-A2C2-030D1A5556A4}.Debug|Any CPU.Build.0 = Debug|Any CPU
		{89F0E43C-D6C1-43E7-A2C2-030D1A5556A4}.Release|Any CPU.ActiveCfg = Release|Any CPU
		{89F0E43C-D6C1-43E7-A2C2-030D1A5556A4}.Release|Any CPU.Build.0 = Release|Any CPU
	EndGlobalSection
	GlobalSection(SolutionProperties) = preSolution
		HideSolutionNode = FALSE
	EndGlobalSection
	GlobalSection(NestedProjects) = preSolution
		{A8F0DDF1-1804-41EE-AA3F-1866FBB15093} = {548859BB-D99E-4E44-B6A5-7097EC2AFC76}
		{3C053FB3-7588-4156-88F8-876D447900E9} = {548859BB-D99E-4E44-B6A5-7097EC2AFC76}
		{D5CB60EC-3643-4CBD-91FC-CB421ADD3C01} = {548859BB-D99E-4E44-B6A5-7097EC2AFC76}
		{D1134D61-AA4C-45E6-AFA1-0C11518DEC2E} = {548859BB-D99E-4E44-B6A5-7097EC2AFC76}
		{B8080E4E-F3DD-4729-9EB6-7B6FB65D23DF} = {3C053FB3-7588-4156-88F8-876D447900E9}
		{1241F0BC-5709-4660-818E-C34FBB7FC51E} = {3C053FB3-7588-4156-88F8-876D447900E9}
		{FD0614C9-DE72-470C-B92A-D8DF5A11F7C9} = {D5CB60EC-3643-4CBD-91FC-CB421ADD3C01}
		{F9F14A9D-17DA-42DA-B60A-8F641C645154} = {D5CB60EC-3643-4CBD-91FC-CB421ADD3C01}
		{6E9AE9B4-E9EB-4B0D-A310-E18B145C6BB9} = {A8F0DDF1-1804-41EE-AA3F-1866FBB15093}
		{B6EA3549-F99E-4BAF-B00F-94C755A5C7A8} = {7216F209-3D00-454D-B276-C63FB8ED5A4C}
		{CFAF5A8B-152C-4EF0-A662-07980E867C47} = {7216F209-3D00-454D-B276-C63FB8ED5A4C}
		{89F0E43C-D6C1-43E7-A2C2-030D1A5556A4} = {D5CB60EC-3643-4CBD-91FC-CB421ADD3C01}
	EndGlobalSection
	GlobalSection(ExtensibilityGlobals) = postSolution
		SolutionGuid = {E8B983E9-9284-41B1-9BDC-B698AAEF30A5}
	EndGlobalSection
EndGlobal
